
Microsoft Visual Studio Solution File, Format Version 12.00
# Visual Studio 2012
Project("{FAE04EC0-301F-11D3-BF4B-00C04F79EFBC}") = "JGW_Extended_Context_Menu", "JGW_Extended_Context_Menu.csproj", "{2EFA6F81-0C60-4C38-B104-AE66519FA8EF}"
EndProject
Global
	GlobalSection(SolutionConfigurationPlatforms) = preSolution
		Debug|Any CPU = Debug|Any CPU
		Release|Any CPU = Release|Any CPU
	EndGlobalSection
	GlobalSection(ProjectConfigurationPlatforms) = postSolution
		{2EFA6F81-0C60-4C38-B104-AE66519FA8EF}.Debug|Any CPU.ActiveCfg = Debug|Any CPU
		{2EFA6F81-0C60-4C38-B104-AE66519FA8EF}.Debug|Any CPU.Build.0 = Debug|Any CPU
		{2EFA6F81-0C60-4C38-B104-AE66519FA8EF}.Release|Any CPU.ActiveCfg = Release|Any CPU
		{2EFA6F81-0C60-4C38-B104-AE66519FA8EF}.Release|Any CPU.Build.0 = Release|Any CPU
	EndGlobalSection
	GlobalSection(SolutionProperties) = preSolution
		HideSolutionNode = FALSE
	EndGlobalSection
EndGlobal
